
Microsoft Visual Studio Solution File, Format Version 12.00
# Visual Studio Version 17
VisualStudioVersion = 17.11.35208.52
MinimumVisualStudioVersion = 10.0.40219.1
Project("{FAE04EC0-301F-11D3-BF4B-00C04F79EFBC}") = "Fantasy.Backend", "Fantasy.Backend\Fantasy.Backend.csproj", "{1223089A-62EC-4F2E-A73C-21ED7F724120}"
EndProject
Project("{FAE04EC0-301F-11D3-BF4B-00C04F79EFBC}") = "Fantasy.Frontend", "Fantasy.Frontend\Fantasy.Frontend.csproj", "{FD998142-5A48-4CF6-A2E6-33E3237241AD}"
EndProject
Project("{FAE04EC0-301F-11D3-BF4B-00C04F79EFBC}") = "Fantasy.Shared", "Fantasy.Shared\Fantasy.Shared.csproj", "{C996928D-E4D2-41FF-B6C9-1D95D8E4DBEB}"
EndProject
Project("{FAE04EC0-301F-11D3-BF4B-00C04F79EFBC}") = "Fantasy.Tests", "Fantasy.Tests\Fantasy.Tests.csproj", "{ABF75466-F9F5-4C79-8159-63A9F2DAD90D}"
EndProject
Global
	GlobalSection(SolutionConfigurationPlatforms) = preSolution
		Debug|Any CPU = Debug|Any CPU
		Release|Any CPU = Release|Any CPU
	EndGlobalSection
	GlobalSection(ProjectConfigurationPlatforms) = postSolution
		{1223089A-62EC-4F2E-A73C-21ED7F724120}.Debug|Any CPU.ActiveCfg = Debug|Any CPU
		{1223089A-62EC-4F2E-A73C-21ED7F724120}.Debug|Any CPU.Build.0 = Debug|Any CPU
		{1223089A-62EC-4F2E-A73C-21ED7F724120}.Release|Any CPU.ActiveCfg = Release|Any CPU
		{1223089A-62EC-4F2E-A73C-21ED7F724120}.Release|Any CPU.Build.0 = Release|Any CPU
		{FD998142-5A48-4CF6-A2E6-33E3237241AD}.Debug|Any CPU.ActiveCfg = Debug|Any CPU
		{FD998142-5A48-4CF6-A2E6-33E3237241AD}.Debug|Any CPU.Build.0 = Debug|Any CPU
		{FD998142-5A48-4CF6-A2E6-33E3237241AD}.Release|Any CPU.ActiveCfg = Release|Any CPU
		{FD998142-5A48-4CF6-A2E6-33E3237241AD}.Release|Any CPU.Build.0 = Release|Any CPU
		{C996928D-E4D2-41FF-B6C9-1D95D8E4DBEB}.Debug|Any CPU.ActiveCfg = Debug|Any CPU
		{C996928D-E4D2-41FF-B6C9-1D95D8E4DBEB}.Debug|Any CPU.Build.0 = Debug|Any CPU
		{C996928D-E4D2-41FF-B6C9-1D95D8E4DBEB}.Release|Any CPU.ActiveCfg = Release|Any CPU
		{C996928D-E4D2-41FF-B6C9-1D95D8E4DBEB}.Release|Any CPU.Build.0 = Release|Any CPU
		{ABF75466-F9F5-4C79-8159-63A9F2DAD90D}.Debug|Any CPU.ActiveCfg = Debug|Any CPU
		{ABF75466-F9F5-4C79-8159-63A9F2DAD90D}.Debug|Any CPU.Build.0 = Debug|Any CPU
		{ABF75466-F9F5-4C79-8159-63A9F2DAD90D}.Release|Any CPU.ActiveCfg = Release|Any CPU
		{ABF75466-F9F5-4C79-8159-63A9F2DAD90D}.Release|Any CPU.Build.0 = Release|Any CPU
	EndGlobalSection
	GlobalSection(SolutionProperties) = preSolution
		HideSolutionNode = FALSE
	EndGlobalSection
	GlobalSection(ExtensibilityGlobals) = postSolution
		SolutionGuid = {B8796C75-0642-4938-AA7A-CBDFA9593046}
	EndGlobalSection
EndGlobal
